// !$*UTF8*$!
{
	archiveVersion = 1;
	classes = {
	};
	objectVersion = 48;
	objects = {

/* Begin PBXBuildFile section */
		E1820E77204CB63F005FA287 /* AppDelegate.m in Sources */ = {isa = PBXBuildFile; fileRef = E1820E76204CB63F005FA287 /* AppDelegate.m */; };
		E1820E79204CB63F005FA287 /* Assets.xcassets in Resources */ = {isa = PBXBuildFile; fileRef = E1820E78204CB63F005FA287 /* Assets.xcassets */; };
		E1820E7C204CB63F005FA287 /* MainMenu.xib in Resources */ = {isa = PBXBuildFile; fileRef = E1820E7A204CB63F005FA287 /* MainMenu.xib */; };
		E1820E7F204CB63F005FA287 /* main.m in Sources */ = {isa = PBXBuildFile; fileRef = E1820E7E204CB63F005FA287 /* main.m */; };
		E1820E88204CB8BD005FA287 /* BigLetterView.m in Sources */ = {isa = PBXBuildFile; fileRef = E1820E87204CB8BD005FA287 /* BigLetterView.m */; };
		E1820E8E204CDE7F005FA287 /* NSString+FirstLetter.m in Sources */ = {isa = PBXBuildFile; fileRef = E1820E8D204CDE7F005FA287 /* NSString+FirstLetter.m */; };
		E1820E91204D9022005FA287 /* TutorController.m in Sources */ = {isa = PBXBuildFile; fileRef = E1820E90204D9022005FA287 /* TutorController.m */; };
		E18C684E204DBC1200C456E1 /* ColorFormatter.m in Sources */ = {isa = PBXBuildFile; fileRef = E18C684D204DBC1200C456E1 /* ColorFormatter.m */; };
/* End PBXBuildFile section */

/* Begin PBXFileReference section */
		E1820E72204CB63E005FA287 /* TypingTutor.app */ = {isa = PBXFileReference; explicitFileType = wrapper.application; includeInIndex = 0; path = TypingTutor.app; sourceTree = BUILT_PRODUCTS_DIR; };
		E1820E75204CB63E005FA287 /* AppDelegate.h */ = {isa = PBXFileReference; lastKnownFileType = sourcecode.c.h; path = AppDelegate.h; sourceTree = "<group>"; };
		E1820E76204CB63F005FA287 /* AppDelegate.m */ = {isa = PBXFileReference; lastKnownFileType = sourcecode.c.objc; path = AppDelegate.m; sourceTree = "<group>"; };
		E1820E78204CB63F005FA287 /* Assets.xcassets */ = {isa = PBXFileReference; lastKnownFileType = folder.assetcatalog; path = Assets.xcassets; sourceTree = "<group>"; };
		E1820E7B204CB63F005FA287 /* Base */ = {isa = PBXFileReference; lastKnownFileType = file.xib; name = Base; path = Base.lproj/MainMenu.xib; sourceTree = "<group>"; };
		E1820E7D204CB63F005FA287 /* Info.plist */ = {isa = PBXFileReference; lastKnownFileType = text.plist.xml; path = Info.plist; sourceTree = "<group>"; };
		E1820E7E204CB63F005FA287 /* main.m */ = {isa = PBXFileReference; lastKnownFileType = sourcecode.c.objc; path = main.m; sourceTree = "<group>"; };
		E1820E80204CB63F005FA287 /* TypingTutor.entitlements */ = {isa = PBXFileReference; lastKnownFileType = text.plist.entitlements; path = TypingTutor.entitlements; sourceTree = "<group>"; };
		E1820E86204CB8BD005FA287 /* BigLetterView.h */ = {isa = PBXFileReference; lastKnownFileType = sourcecode.c.h; path = BigLetterView.h; sourceTree = "<group>"; };
		E1820E87204CB8BD005FA287 /* BigLetterView.m */ = {isa = PBXFileReference; lastKnownFileType = sourcecode.c.objc; path = BigLetterView.m; sourceTree = "<group>"; };
		E1820E8C204CDE7F005FA287 /* NSString+FirstLetter.h */ = {isa = PBXFileReference; lastKnownFileType = sourcecode.c.h; path = "NSString+FirstLetter.h"; sourceTree = "<group>"; };
		E1820E8D204CDE7F005FA287 /* NSString+FirstLetter.m */ = {isa = PBXFileReference; lastKnownFileType = sourcecode.c.objc; path = "NSString+FirstLetter.m"; sourceTree = "<group>"; };
		E1820E8F204D9022005FA287 /* TutorController.h */ = {isa = PBXFileReference; lastKnownFileType = sourcecode.c.h; path = TutorController.h; sourceTree = "<group>"; };
		E1820E90204D9022005FA287 /* TutorController.m */ = {isa = PBXFileReference; lastKnownFileType = sourcecode.c.objc; path = TutorController.m; sourceTree = "<group>"; };
		E18C684C204DBC1200C456E1 /* ColorFormatter.h */ = {isa = PBXFileReference; lastKnownFileType = sourcecode.c.h; path = ColorFormatter.h; sourceTree = "<group>"; };
		E18C684D204DBC1200C456E1 /* ColorFormatter.m */ = {isa = PBXFileReference; lastKnownFileType = sourcecode.c.objc; path = ColorFormatter.m; sourceTree = "<group>"; };
/* End PBXFileReference section */

/* Begin PBXFrameworksBuildPhase section */
		E1820E6F204CB63E005FA287 /* Frameworks */ = {
			isa = PBXFrameworksBuildPhase;
			buildActionMask = 2147483647;
			files = (
			);
			runOnlyForDeploymentPostprocessing = 0;
		};
/* End PBXFrameworksBuildPhase section */

/* Begin PBXGroup section */
		E1820E69204CB63E005FA287 = {
			isa = PBXGroup;
			children = (
				E1820E74204CB63E005FA287 /* TypingTutor */,
				E1820E73204CB63E005FA287 /* Products */,
			);
			sourceTree = "<group>";
		};
		E1820E73204CB63E005FA287 /* Products */ = {
			isa = PBXGroup;
			children = (
				E1820E72204CB63E005FA287 /* TypingTutor.app */,
			);
			name = Products;
			sourceTree = "<group>";
		};
		E1820E74204CB63E005FA287 /* TypingTutor */ = {
			isa = PBXGroup;
			children = (
				E1820E75204CB63E005FA287 /* AppDelegate.h */,
				E1820E76204CB63F005FA287 /* AppDelegate.m */,
				E1820E78204CB63F005FA287 /* Assets.xcassets */,
				E1820E7A204CB63F005FA287 /* MainMenu.xib */,
				E1820E7D204CB63F005FA287 /* Info.plist */,
				E1820E7E204CB63F005FA287 /* main.m */,
				E1820E80204CB63F005FA287 /* TypingTutor.entitlements */,
				E1820E86204CB8BD005FA287 /* BigLetterView.h */,
				E1820E87204CB8BD005FA287 /* BigLetterView.m */,
				E1820E8C204CDE7F005FA287 /* NSString+FirstLetter.h */,
				E1820E8D204CDE7F005FA287 /* NSString+FirstLetter.m */,
				E1820E8F204D9022005FA287 /* TutorController.h */,
				E1820E90204D9022005FA287 /* TutorController.m */,
				E18C684C204DBC1200C456E1 /* ColorFormatter.h */,
				E18C684D204DBC1200C456E1 /* ColorFormatter.m */,
			);
			path = TypingTutor;
			sourceTree = "<group>";
		};
/* End PBXGroup section */

/* Begin PBXNativeTarget section */
		E1820E71204CB63E005FA287 /* TypingTutor */ = {
			isa = PBXNativeTarget;
			buildConfigurationList = E1820E83204CB63F005FA287 /* Build configuration list for PBXNativeTarget "TypingTutor" */;
			buildPhases = (
				E1820E6E204CB63E005FA287 /* Sources */,
				E1820E6F204CB63E005FA287 /* Frameworks */,
				E1820E70204CB63E005FA287 /* Resources */,
			);
			buildRules = (
			);
			dependencies = (
			);
			name = TypingTutor;
			productName = TypingTutor;
			productReference = E1820E72204CB63E005FA287 /* TypingTutor.app */;
			productType = "com.apple.product-type.application";
		};
/* End PBXNativeTarget section */

/* Begin PBXProject section */
		E1820E6A204CB63E005FA287 /* Project object */ = {
			isa = PBXProject;
			attributes = {
				LastUpgradeCheck = 0920;
				ORGANIZATIONNAME = "Robert Gee";
				TargetAttributes = {
					E1820E71204CB63E005FA287 = {
						CreatedOnToolsVersion = 9.2;
						ProvisioningStyle = Automatic;
					};
				};
			};
			buildConfigurationList = E1820E6D204CB63E005FA287 /* Build configuration list for PBXProject "TypingTutor" */;
			compatibilityVersion = "Xcode 8.0";
			developmentRegion = en;
			hasScannedForEncodings = 0;
			knownRegions = (
				en,
				Base,
			);
			mainGroup = E1820E69204CB63E005FA287;
			productRefGroup = E1820E73204CB63E005FA287 /* Products */;
			projectDirPath = "";
			projectRoot = "";
			targets = (
				E1820E71204CB63E005FA287 /* TypingTutor */,
			);
		};
/* End PBXProject section */

/* Begin PBXResourcesBuildPhase section */
		E1820E70204CB63E005FA287 /* Resources */ = {
			isa = PBXResourcesBuildPhase;
			buildActionMask = 2147483647;
			files = (
				E1820E79204CB63F005FA287 /* Assets.xcassets in Resources */,
				E1820E7C204CB63F005FA287 /* MainMenu.xib in Resources */,
			);
			runOnlyForDeploymentPostprocessing = 0;
		};
/* End PBXResourcesBuildPhase section */

/* Begin PBXSourcesBuildPhase section */
		E1820E6E204CB63E005FA287 /* Sources */ = {
			isa = PBXSourcesBuildPhase;
			buildActionMask = 2147483647;
			files = (
				E1820E8E204CDE7F005FA287 /* NSString+FirstLetter.m in Sources */,
				E1820E7F204CB63F005FA287 /* main.m in Sources */,
				E1820E88204CB8BD005FA287 /* BigLetterView.m in Sources */,
				E1820E77204CB63F005FA287 /* AppDelegate.m in Sources */,
				E18C684E204DBC1200C456E1 /* ColorFormatter.m in Sources */,
				E1820E91204D9022005FA287 /* TutorController.m in Sources */,
			);
			runOnlyForDeploymentPostprocessing = 0;
		};
/* End PBXSourcesBuildPhase section */

/* Begin PBXVariantGroup section */
		E1820E7A204CB63F005FA287 /* MainMenu.xib */ = {
			isa = PBXVariantGroup;
			children = (
				E1820E7B204CB63F005FA287 /* Base */,
			);
			name = MainMenu.xib;
			sourceTree = "<group>";
		};
/* End PBXVariantGroup section */

/* Begin XCBuildConfiguration section */
		E1820E81204CB63F005FA287 /* Debug */ = {
			isa = XCBuildConfiguration;
			buildSettings = {
				ALWAYS_SEARCH_USER_PATHS = NO;
				CLANG_ANALYZER_NONNULL = YES;
				CLANG_ANALYZER_NUMBER_OBJECT_CONVERSION = YES_AGGRESSIVE;
				CLANG_CXX_LANGUAGE_STANDARD = "gnu++14";
				CLANG_CXX_LIBRARY = "libc++";
				CLANG_ENABLE_MODULES = YES;
				CLANG_ENABLE_OBJC_ARC = YES;
				CLANG_WARN_BLOCK_CAPTURE_AUTORELEASING = YES;
				CLANG_WARN_BOOL_CONVERSION = YES;
				CLANG_WARN_COMMA = YES;
				CLANG_WARN_CONSTANT_CONVERSION = YES;
				CLANG_WARN_DIRECT_OBJC_ISA_USAGE = YES_ERROR;
				CLANG_WARN_DOCUMENTATION_COMMENTS = YES;
				CLANG_WARN_EMPTY_BODY = YES;
				CLANG_WARN_ENUM_CONVERSION = YES;
				CLANG_WARN_INFINITE_RECURSION = YES;
				CLANG_WARN_INT_CONVERSION = YES;
				CLANG_WARN_NON_LITERAL_NULL_CONVERSION = YES;
				CLANG_WARN_OBJC_LITERAL_CONVERSION = YES;
				CLANG_WARN_OBJC_ROOT_CLASS = YES_ERROR;
				CLANG_WARN_RANGE_LOOP_ANALYSIS = YES;
				CLANG_WARN_STRICT_PROTOTYPES = YES;
				CLANG_WARN_SUSPICIOUS_MOVE = YES;
				CLANG_WARN_UNGUARDED_AVAILABILITY = YES_AGGRESSIVE;
				CLANG_WARN_UNREACHABLE_CODE = YES;
				CLANG_WARN__DUPLICATE_METHOD_MATCH = YES;
				CODE_SIGN_IDENTITY = "-";
				COPY_PHASE_STRIP = NO;
				DEBUG_INFORMATION_FORMAT = dwarf;
				ENABLE_STRICT_OBJC_MSGSEND = YES;
				ENABLE_TESTABILITY = YES;
				GCC_C_LANGUAGE_STANDARD = gnu11;
				GCC_DYNAMIC_NO_PIC = NO;
				GCC_NO_COMMON_BLOCKS = YES;
				GCC_OPTIMIZATION_LEVEL = 0;
				GCC_PREPROCESSOR_DEFINITIONS = (
					"DEBUG=1",
					"$(inherited)",
				);
				GCC_WARN_64_TO_32_BIT_CONVERSION = YES;
				GCC_WARN_ABOUT_RETURN_TYPE = YES_ERROR;
				GCC_WARN_UNDECLARED_SELECTOR = YES;
				GCC_WARN_UNINITIALIZED_AUTOS = YES_AGGRESSIVE;
				GCC_WARN_UNUSED_FUNCTION = YES;
				GCC_WARN_UNUSED_VARIABLE = YES;
				MACOSX_DEPLOYMENT_TARGET = 10.13;
				MTL_ENABLE_DEBUG_INFO = YES;
				ONLY_ACTIVE_ARCH = YES;
				SDKROOT = macosx;
			};
			name = Debug;
		};
		E1820E82204CB63F005FA287 /* Release */ = {
			isa = XCBuildConfiguration;
			buildSettings = {
				ALWAYS_SEARCH_USER_PATHS = NO;
				CLANG_ANALYZER_NONNULL = YES;
				CLANG_ANALYZER_NUMBER_OBJECT_CONVERSION = YES_AGGRESSIVE;
				CLANG_CXX_LANGUAGE_STANDARD = "gnu++14";
				CLANG_CXX_LIBRARY = "libc++";
				CLANG_ENABLE_MODULES = YES;
				CLANG_ENABLE_OBJC_ARC = YES;
				CLANG_WARN_BLOCK_CAPTURE_AUTORELEASING = YES;
				CLANG_WARN_BOOL_CONVERSION = YES;
				CLANG_WARN_COMMA = YES;
				CLANG_WARN_CONSTANT_CONVERSION = YES;
				CLANG_WARN_DIRECT_OBJC_ISA_USAGE = YES_ERROR;
				CLANG_WARN_DOCUMENTATION_COMMENTS = YES;
				CLANG_WARN_EMPTY_BODY = YES;
				CLANG_WARN_ENUM_CONVERSION = YES;
				CLANG_WARN_INFINITE_RECURSION = YES;
				CLANG_WARN_INT_CONVERSION = YES;
				CLANG_WARN_NON_LITERAL_NULL_CONVERSION = YES;
				CLANG_WARN_OBJC_LITERAL_CONVERSION = YES;
				CLANG_WARN_OBJC_ROOT_CLASS = YES_ERROR;
				CLANG_WARN_RANGE_LOOP_ANALYSIS = YES;
				CLANG_WARN_STRICT_PROTOTYPES = YES;
				CLANG_WARN_SUSPICIOUS_MOVE = YES;
				CLANG_WARN_UNGUARDED_AVAILABILITY = YES_AGGRESSIVE;
				CLANG_WARN_UNREACHABLE_CODE = YES;
				CLANG_WARN__DUPLICATE_METHOD_MATCH = YES;
				CODE_SIGN_IDENTITY = "-";
				COPY_PHASE_STRIP = NO;
				DEBUG_INFORMATION_FORMAT = "dwarf-with-dsym";
				ENABLE_NS_ASSERTIONS = NO;
				ENABLE_STRICT_OBJC_MSGSEND = YES;
				GCC_C_LANGUAGE_STANDARD = gnu11;
				GCC_NO_COMMON_BLOCKS = YES;
				GCC_WARN_64_TO_32_BIT_CONVERSION = YES;
				GCC_WARN_ABOUT_RETURN_TYPE = YES_ERROR;
				GCC_WARN_UNDECLARED_SELECTOR = YES;
				GCC_WARN_UNINITIALIZED_AUTOS = YES_AGGRESSIVE;
				GCC_WARN_UNUSED_FUNCTION = YES;
				GCC_WARN_UNUSED_VARIABLE = YES;
				MACOSX_DEPLOYMENT_TARGET = 10.13;
				MTL_ENABLE_DEBUG_INFO = NO;
				SDKROOT = macosx;
			};
			name = Release;
		};
		E1820E84204CB63F005FA287 /* Debug */ = {
			isa = XCBuildConfiguration;
			buildSettings = {
				ASSETCATALOG_COMPILER_APPICON_NAME = AppIcon;
				CODE_SIGN_ENTITLEMENTS = TypingTutor/TypingTutor.entitlements;
				CODE_SIGN_STYLE = Automatic;
				COMBINE_HIDPI_IMAGES = YES;
				INFOPLIST_FILE = TypingTutor/Info.plist;
				LD_RUNPATH_SEARCH_PATHS = "$(inherited) @executable_path/../Frameworks";
				PRODUCT_BUNDLE_IDENTIFIER = com.bignerdranch.TypingTutor;
				PRODUCT_NAME = "$(TARGET_NAME)";
			};
			name = Debug;
		};
		E1820E85204CB63F005FA287 /* Release */ = {
			isa = XCBuildConfiguration;
			buildSettings = {
				ASSETCATALOG_COMPILER_APPICON_NAME = AppIcon;
				CODE_SIGN_ENTITLEMENTS = TypingTutor/TypingTutor.entitlements;
				CODE_SIGN_STYLE = Automatic;
				COMBINE_HIDPI_IMAGES = YES;
				INFOPLIST_FILE = TypingTutor/Info.plist;
				LD_RUNPATH_SEARCH_PATHS = "$(inherited) @executable_path/../Frameworks";
				PRODUCT_BUNDLE_IDENTIFIER = com.bignerdranch.TypingTutor;
				PRODUCT_NAME = "$(TARGET_NAME)";
			};
			name = Release;
		};
/* End XCBuildConfiguration section */

/* Begin XCConfigurationList section */
		E1820E6D204CB63E005FA287 /* Build configuration list for PBXProject "TypingTutor" */ = {
			isa = XCConfigurationList;
			buildConfigurations = (
				E1820E81204CB63F005FA287 /* Debug */,
				E1820E82204CB63F005FA287 /* Release */,
			);
			defaultConfigurationIsVisible = 0;
			defaultConfigurationName = Release;
		};
		E1820E83204CB63F005FA287 /* Build configuration list for PBXNativeTarget "TypingTutor" */ = {
			isa = XCConfigurationList;
			buildConfigurations = (
				E1820E84204CB63F005FA287 /* Debug */,
				E1820E85204CB63F005FA287 /* Release */,
			);
			defaultConfigurationIsVisible = 0;
			defaultConfigurationName = Release;
		};
/* End XCConfigurationList section */
	};
	rootObject = E1820E6A204CB63E005FA287 /* Project object */;
}
