// !$*UTF8*$!
{
	archiveVersion = 1;
	classes = {
	};
	objectVersion = 48;
	objects = {

/* Begin PBXBuildFile section */
		E154AAA72050AAE900F90028 /* EmployeeViewController.m in Sources */ = {isa = PBXBuildFile; fileRef = E154AAA52050AAE900F90028 /* EmployeeViewController.m */; };
		E154AAA82050AAE900F90028 /* EmployeeViewController.xib in Resources */ = {isa = PBXBuildFile; fileRef = E154AAA62050AAE900F90028 /* EmployeeViewController.xib */; };
		E18C6883204E30CA00C456E1 /* AppDelegate.m in Sources */ = {isa = PBXBuildFile; fileRef = E18C6882204E30CA00C456E1 /* AppDelegate.m */; };
		E18C6886204E30CA00C456E1 /* Document.m in Sources */ = {isa = PBXBuildFile; fileRef = E18C6885204E30CA00C456E1 /* Document.m */; };
		E18C6889204E30CA00C456E1 /* Document.xib in Resources */ = {isa = PBXBuildFile; fileRef = E18C6887204E30CA00C456E1 /* Document.xib */; };
		E18C688C204E30CA00C456E1 /* Document.xcdatamodeld in Sources */ = {isa = PBXBuildFile; fileRef = E18C688A204E30CA00C456E1 /* Document.xcdatamodeld */; };
		E18C688E204E30CA00C456E1 /* Assets.xcassets in Resources */ = {isa = PBXBuildFile; fileRef = E18C688D204E30CA00C456E1 /* Assets.xcassets */; };
		E18C6891204E30CA00C456E1 /* MainMenu.xib in Resources */ = {isa = PBXBuildFile; fileRef = E18C688F204E30CA00C456E1 /* MainMenu.xib */; };
		E18C6894204E30CA00C456E1 /* main.m in Sources */ = {isa = PBXBuildFile; fileRef = E18C6893204E30CA00C456E1 /* main.m */; };
		E18C689D204E330300C456E1 /* ManagingViewController.m in Sources */ = {isa = PBXBuildFile; fileRef = E18C689C204E330300C456E1 /* ManagingViewController.m */; };
		E18C68A1204E33FD00C456E1 /* DepartmentViewController.m in Sources */ = {isa = PBXBuildFile; fileRef = E18C689F204E33FD00C456E1 /* DepartmentViewController.m */; };
		E18C68A2204E33FD00C456E1 /* DepartmentViewController.xib in Resources */ = {isa = PBXBuildFile; fileRef = E18C68A0204E33FD00C456E1 /* DepartmentViewController.xib */; };
/* End PBXBuildFile section */

/* Begin PBXFileReference section */
		E154AAA42050AAE900F90028 /* EmployeeViewController.h */ = {isa = PBXFileReference; lastKnownFileType = sourcecode.c.h; path = EmployeeViewController.h; sourceTree = "<group>"; };
		E154AAA52050AAE900F90028 /* EmployeeViewController.m */ = {isa = PBXFileReference; lastKnownFileType = sourcecode.c.objc; path = EmployeeViewController.m; sourceTree = "<group>"; };
		E154AAA62050AAE900F90028 /* EmployeeViewController.xib */ = {isa = PBXFileReference; lastKnownFileType = file.xib; path = EmployeeViewController.xib; sourceTree = "<group>"; };
		E18C687E204E30CA00C456E1 /* Departments.app */ = {isa = PBXFileReference; explicitFileType = wrapper.application; includeInIndex = 0; path = Departments.app; sourceTree = BUILT_PRODUCTS_DIR; };
		E18C6881204E30CA00C456E1 /* AppDelegate.h */ = {isa = PBXFileReference; lastKnownFileType = sourcecode.c.h; path = AppDelegate.h; sourceTree = "<group>"; };
		E18C6882204E30CA00C456E1 /* AppDelegate.m */ = {isa = PBXFileReference; lastKnownFileType = sourcecode.c.objc; path = AppDelegate.m; sourceTree = "<group>"; };
		E18C6884204E30CA00C456E1 /* Document.h */ = {isa = PBXFileReference; lastKnownFileType = sourcecode.c.h; path = Document.h; sourceTree = "<group>"; };
		E18C6885204E30CA00C456E1 /* Document.m */ = {isa = PBXFileReference; lastKnownFileType = sourcecode.c.objc; path = Document.m; sourceTree = "<group>"; };
		E18C6888204E30CA00C456E1 /* Base */ = {isa = PBXFileReference; lastKnownFileType = file.xib; name = Base; path = Base.lproj/Document.xib; sourceTree = "<group>"; };
		E18C688B204E30CA00C456E1 /* Document.xcdatamodel */ = {isa = PBXFileReference; lastKnownFileType = wrapper.xcdatamodel; path = Document.xcdatamodel; sourceTree = "<group>"; };
		E18C688D204E30CA00C456E1 /* Assets.xcassets */ = {isa = PBXFileReference; lastKnownFileType = folder.assetcatalog; path = Assets.xcassets; sourceTree = "<group>"; };
		E18C6890204E30CA00C456E1 /* Base */ = {isa = PBXFileReference; lastKnownFileType = file.xib; name = Base; path = Base.lproj/MainMenu.xib; sourceTree = "<group>"; };
		E18C6892204E30CA00C456E1 /* Info.plist */ = {isa = PBXFileReference; lastKnownFileType = text.plist.xml; path = Info.plist; sourceTree = "<group>"; };
		E18C6893204E30CA00C456E1 /* main.m */ = {isa = PBXFileReference; lastKnownFileType = sourcecode.c.objc; path = main.m; sourceTree = "<group>"; };
		E18C6895204E30CA00C456E1 /* Departments.entitlements */ = {isa = PBXFileReference; lastKnownFileType = text.plist.entitlements; path = Departments.entitlements; sourceTree = "<group>"; };
		E18C689B204E330300C456E1 /* ManagingViewController.h */ = {isa = PBXFileReference; lastKnownFileType = sourcecode.c.h; path = ManagingViewController.h; sourceTree = "<group>"; };
		E18C689C204E330300C456E1 /* ManagingViewController.m */ = {isa = PBXFileReference; lastKnownFileType = sourcecode.c.objc; path = ManagingViewController.m; sourceTree = "<group>"; };
		E18C689E204E33FD00C456E1 /* DepartmentViewController.h */ = {isa = PBXFileReference; lastKnownFileType = sourcecode.c.h; path = DepartmentViewController.h; sourceTree = "<group>"; };
		E18C689F204E33FD00C456E1 /* DepartmentViewController.m */ = {isa = PBXFileReference; lastKnownFileType = sourcecode.c.objc; path = DepartmentViewController.m; sourceTree = "<group>"; };
		E18C68A0204E33FD00C456E1 /* DepartmentViewController.xib */ = {isa = PBXFileReference; lastKnownFileType = file.xib; path = DepartmentViewController.xib; sourceTree = "<group>"; };
/* End PBXFileReference section */

/* Begin PBXFrameworksBuildPhase section */
		E18C687B204E30CA00C456E1 /* Frameworks */ = {
			isa = PBXFrameworksBuildPhase;
			buildActionMask = 2147483647;
			files = (
			);
			runOnlyForDeploymentPostprocessing = 0;
		};
/* End PBXFrameworksBuildPhase section */

/* Begin PBXGroup section */
		E18C6875204E30CA00C456E1 = {
			isa = PBXGroup;
			children = (
				E18C6880204E30CA00C456E1 /* Departments */,
				E18C687F204E30CA00C456E1 /* Products */,
			);
			sourceTree = "<group>";
		};
		E18C687F204E30CA00C456E1 /* Products */ = {
			isa = PBXGroup;
			children = (
				E18C687E204E30CA00C456E1 /* Departments.app */,
			);
			name = Products;
			sourceTree = "<group>";
		};
		E18C6880204E30CA00C456E1 /* Departments */ = {
			isa = PBXGroup;
			children = (
				E18C6881204E30CA00C456E1 /* AppDelegate.h */,
				E18C6882204E30CA00C456E1 /* AppDelegate.m */,
				E18C6884204E30CA00C456E1 /* Document.h */,
				E18C6885204E30CA00C456E1 /* Document.m */,
				E18C6887204E30CA00C456E1 /* Document.xib */,
				E18C689B204E330300C456E1 /* ManagingViewController.h */,
				E18C689C204E330300C456E1 /* ManagingViewController.m */,
				E18C689E204E33FD00C456E1 /* DepartmentViewController.h */,
				E18C689F204E33FD00C456E1 /* DepartmentViewController.m */,
				E18C68A0204E33FD00C456E1 /* DepartmentViewController.xib */,
				E18C688D204E30CA00C456E1 /* Assets.xcassets */,
				E18C688F204E30CA00C456E1 /* MainMenu.xib */,
				E18C6892204E30CA00C456E1 /* Info.plist */,
				E18C6893204E30CA00C456E1 /* main.m */,
				E18C6895204E30CA00C456E1 /* Departments.entitlements */,
				E18C688A204E30CA00C456E1 /* Document.xcdatamodeld */,
				E154AAA42050AAE900F90028 /* EmployeeViewController.h */,
				E154AAA52050AAE900F90028 /* EmployeeViewController.m */,
				E154AAA62050AAE900F90028 /* EmployeeViewController.xib */,
			);
			path = Departments;
			sourceTree = "<group>";
		};
/* End PBXGroup section */

/* Begin PBXNativeTarget section */
		E18C687D204E30CA00C456E1 /* Departments */ = {
			isa = PBXNativeTarget;
			buildConfigurationList = E18C6898204E30CA00C456E1 /* Build configuration list for PBXNativeTarget "Departments" */;
			buildPhases = (
				E18C687A204E30CA00C456E1 /* Sources */,
				E18C687B204E30CA00C456E1 /* Frameworks */,
				E18C687C204E30CA00C456E1 /* Resources */,
			);
			buildRules = (
			);
			dependencies = (
			);
			name = Departments;
			productName = Departments;
			productReference = E18C687E204E30CA00C456E1 /* Departments.app */;
			productType = "com.apple.product-type.application";
		};
/* End PBXNativeTarget section */

/* Begin PBXProject section */
		E18C6876204E30CA00C456E1 /* Project object */ = {
			isa = PBXProject;
			attributes = {
				LastUpgradeCheck = 0920;
				ORGANIZATIONNAME = "Robert Gee";
				TargetAttributes = {
					E18C687D204E30CA00C456E1 = {
						CreatedOnToolsVersion = 9.2;
						ProvisioningStyle = Automatic;
					};
				};
			};
			buildConfigurationList = E18C6879204E30CA00C456E1 /* Build configuration list for PBXProject "Departments" */;
			compatibilityVersion = "Xcode 8.0";
			developmentRegion = en;
			hasScannedForEncodings = 0;
			knownRegions = (
				en,
				Base,
			);
			mainGroup = E18C6875204E30CA00C456E1;
			productRefGroup = E18C687F204E30CA00C456E1 /* Products */;
			projectDirPath = "";
			projectRoot = "";
			targets = (
				E18C687D204E30CA00C456E1 /* Departments */,
			);
		};
/* End PBXProject section */

/* Begin PBXResourcesBuildPhase section */
		E18C687C204E30CA00C456E1 /* Resources */ = {
			isa = PBXResourcesBuildPhase;
			buildActionMask = 2147483647;
			files = (
				E18C68A2204E33FD00C456E1 /* DepartmentViewController.xib in Resources */,
				E18C688E204E30CA00C456E1 /* Assets.xcassets in Resources */,
				E154AAA82050AAE900F90028 /* EmployeeViewController.xib in Resources */,
				E18C6889204E30CA00C456E1 /* Document.xib in Resources */,
				E18C6891204E30CA00C456E1 /* MainMenu.xib in Resources */,
			);
			runOnlyForDeploymentPostprocessing = 0;
		};
/* End PBXResourcesBuildPhase section */

/* Begin PBXSourcesBuildPhase section */
		E18C687A204E30CA00C456E1 /* Sources */ = {
			isa = PBXSourcesBuildPhase;
			buildActionMask = 2147483647;
			files = (
				E18C688C204E30CA00C456E1 /* Document.xcdatamodeld in Sources */,
				E18C689D204E330300C456E1 /* ManagingViewController.m in Sources */,
				E154AAA72050AAE900F90028 /* EmployeeViewController.m in Sources */,
				E18C6886204E30CA00C456E1 /* Document.m in Sources */,
				E18C6894204E30CA00C456E1 /* main.m in Sources */,
				E18C68A1204E33FD00C456E1 /* DepartmentViewController.m in Sources */,
				E18C6883204E30CA00C456E1 /* AppDelegate.m in Sources */,
			);
			runOnlyForDeploymentPostprocessing = 0;
		};
/* End PBXSourcesBuildPhase section */

/* Begin PBXVariantGroup section */
		E18C6887204E30CA00C456E1 /* Document.xib */ = {
			isa = PBXVariantGroup;
			children = (
				E18C6888204E30CA00C456E1 /* Base */,
			);
			name = Document.xib;
			sourceTree = "<group>";
		};
		E18C688F204E30CA00C456E1 /* MainMenu.xib */ = {
			isa = PBXVariantGroup;
			children = (
				E18C6890204E30CA00C456E1 /* Base */,
			);
			name = MainMenu.xib;
			sourceTree = "<group>";
		};
/* End PBXVariantGroup section */

/* Begin XCBuildConfiguration section */
		E18C6896204E30CA00C456E1 /* Debug */ = {
			isa = XCBuildConfiguration;
			buildSettings = {
				ALWAYS_SEARCH_USER_PATHS = NO;
				CLANG_ANALYZER_NONNULL = YES;
				CLANG_ANALYZER_NUMBER_OBJECT_CONVERSION = YES_AGGRESSIVE;
				CLANG_CXX_LANGUAGE_STANDARD = "gnu++14";
				CLANG_CXX_LIBRARY = "libc++";
				CLANG_ENABLE_MODULES = YES;
				CLANG_ENABLE_OBJC_ARC = YES;
				CLANG_WARN_BLOCK_CAPTURE_AUTORELEASING = YES;
				CLANG_WARN_BOOL_CONVERSION = YES;
				CLANG_WARN_COMMA = YES;
				CLANG_WARN_CONSTANT_CONVERSION = YES;
				CLANG_WARN_DIRECT_OBJC_ISA_USAGE = YES_ERROR;
				CLANG_WARN_DOCUMENTATION_COMMENTS = YES;
				CLANG_WARN_EMPTY_BODY = YES;
				CLANG_WARN_ENUM_CONVERSION = YES;
				CLANG_WARN_INFINITE_RECURSION = YES;
				CLANG_WARN_INT_CONVERSION = YES;
				CLANG_WARN_NON_LITERAL_NULL_CONVERSION = YES;
				CLANG_WARN_OBJC_LITERAL_CONVERSION = YES;
				CLANG_WARN_OBJC_ROOT_CLASS = YES_ERROR;
				CLANG_WARN_RANGE_LOOP_ANALYSIS = YES;
				CLANG_WARN_STRICT_PROTOTYPES = YES;
				CLANG_WARN_SUSPICIOUS_MOVE = YES;
				CLANG_WARN_UNGUARDED_AVAILABILITY = YES_AGGRESSIVE;
				CLANG_WARN_UNREACHABLE_CODE = YES;
				CLANG_WARN__DUPLICATE_METHOD_MATCH = YES;
				CODE_SIGN_IDENTITY = "-";
				COPY_PHASE_STRIP = NO;
				DEBUG_INFORMATION_FORMAT = dwarf;
				ENABLE_STRICT_OBJC_MSGSEND = YES;
				ENABLE_TESTABILITY = YES;
				GCC_C_LANGUAGE_STANDARD = gnu11;
				GCC_DYNAMIC_NO_PIC = NO;
				GCC_NO_COMMON_BLOCKS = YES;
				GCC_OPTIMIZATION_LEVEL = 0;
				GCC_PREPROCESSOR_DEFINITIONS = (
					"DEBUG=1",
					"$(inherited)",
				);
				GCC_WARN_64_TO_32_BIT_CONVERSION = YES;
				GCC_WARN_ABOUT_RETURN_TYPE = YES_ERROR;
				GCC_WARN_UNDECLARED_SELECTOR = YES;
				GCC_WARN_UNINITIALIZED_AUTOS = YES_AGGRESSIVE;
				GCC_WARN_UNUSED_FUNCTION = YES;
				GCC_WARN_UNUSED_VARIABLE = YES;
				MACOSX_DEPLOYMENT_TARGET = 10.13;
				MTL_ENABLE_DEBUG_INFO = YES;
				ONLY_ACTIVE_ARCH = YES;
				SDKROOT = macosx;
			};
			name = Debug;
		};
		E18C6897204E30CA00C456E1 /* Release */ = {
			isa = XCBuildConfiguration;
			buildSettings = {
				ALWAYS_SEARCH_USER_PATHS = NO;
				CLANG_ANALYZER_NONNULL = YES;
				CLANG_ANALYZER_NUMBER_OBJECT_CONVERSION = YES_AGGRESSIVE;
				CLANG_CXX_LANGUAGE_STANDARD = "gnu++14";
				CLANG_CXX_LIBRARY = "libc++";
				CLANG_ENABLE_MODULES = YES;
				CLANG_ENABLE_OBJC_ARC = YES;
				CLANG_WARN_BLOCK_CAPTURE_AUTORELEASING = YES;
				CLANG_WARN_BOOL_CONVERSION = YES;
				CLANG_WARN_COMMA = YES;
				CLANG_WARN_CONSTANT_CONVERSION = YES;
				CLANG_WARN_DIRECT_OBJC_ISA_USAGE = YES_ERROR;
				CLANG_WARN_DOCUMENTATION_COMMENTS = YES;
				CLANG_WARN_EMPTY_BODY = YES;
				CLANG_WARN_ENUM_CONVERSION = YES;
				CLANG_WARN_INFINITE_RECURSION = YES;
				CLANG_WARN_INT_CONVERSION = YES;
				CLANG_WARN_NON_LITERAL_NULL_CONVERSION = YES;
				CLANG_WARN_OBJC_LITERAL_CONVERSION = YES;
				CLANG_WARN_OBJC_ROOT_CLASS = YES_ERROR;
				CLANG_WARN_RANGE_LOOP_ANALYSIS = YES;
				CLANG_WARN_STRICT_PROTOTYPES = YES;
				CLANG_WARN_SUSPICIOUS_MOVE = YES;
				CLANG_WARN_UNGUARDED_AVAILABILITY = YES_AGGRESSIVE;
				CLANG_WARN_UNREACHABLE_CODE = YES;
				CLANG_WARN__DUPLICATE_METHOD_MATCH = YES;
				CODE_SIGN_IDENTITY = "-";
				COPY_PHASE_STRIP = NO;
				DEBUG_INFORMATION_FORMAT = "dwarf-with-dsym";
				ENABLE_NS_ASSERTIONS = NO;
				ENABLE_STRICT_OBJC_MSGSEND = YES;
				GCC_C_LANGUAGE_STANDARD = gnu11;
				GCC_NO_COMMON_BLOCKS = YES;
				GCC_WARN_64_TO_32_BIT_CONVERSION = YES;
				GCC_WARN_ABOUT_RETURN_TYPE = YES_ERROR;
				GCC_WARN_UNDECLARED_SELECTOR = YES;
				GCC_WARN_UNINITIALIZED_AUTOS = YES_AGGRESSIVE;
				GCC_WARN_UNUSED_FUNCTION = YES;
				GCC_WARN_UNUSED_VARIABLE = YES;
				MACOSX_DEPLOYMENT_TARGET = 10.13;
				MTL_ENABLE_DEBUG_INFO = NO;
				SDKROOT = macosx;
			};
			name = Release;
		};
		E18C6899204E30CA00C456E1 /* Debug */ = {
			isa = XCBuildConfiguration;
			buildSettings = {
				ASSETCATALOG_COMPILER_APPICON_NAME = AppIcon;
				CODE_SIGN_ENTITLEMENTS = Departments/Departments.entitlements;
				CODE_SIGN_STYLE = Automatic;
				COMBINE_HIDPI_IMAGES = YES;
				INFOPLIST_FILE = Departments/Info.plist;
				LD_RUNPATH_SEARCH_PATHS = "$(inherited) @executable_path/../Frameworks";
				PRODUCT_BUNDLE_IDENTIFIER = com.bignerdranch.Departments;
				PRODUCT_NAME = "$(TARGET_NAME)";
			};
			name = Debug;
		};
		E18C689A204E30CA00C456E1 /* Release */ = {
			isa = XCBuildConfiguration;
			buildSettings = {
				ASSETCATALOG_COMPILER_APPICON_NAME = AppIcon;
				CODE_SIGN_ENTITLEMENTS = Departments/Departments.entitlements;
				CODE_SIGN_STYLE = Automatic;
				COMBINE_HIDPI_IMAGES = YES;
				INFOPLIST_FILE = Departments/Info.plist;
				LD_RUNPATH_SEARCH_PATHS = "$(inherited) @executable_path/../Frameworks";
				PRODUCT_BUNDLE_IDENTIFIER = com.bignerdranch.Departments;
				PRODUCT_NAME = "$(TARGET_NAME)";
			};
			name = Release;
		};
/* End XCBuildConfiguration section */

/* Begin XCConfigurationList section */
		E18C6879204E30CA00C456E1 /* Build configuration list for PBXProject "Departments" */ = {
			isa = XCConfigurationList;
			buildConfigurations = (
				E18C6896204E30CA00C456E1 /* Debug */,
				E18C6897204E30CA00C456E1 /* Release */,
			);
			defaultConfigurationIsVisible = 0;
			defaultConfigurationName = Release;
		};
		E18C6898204E30CA00C456E1 /* Build configuration list for PBXNativeTarget "Departments" */ = {
			isa = XCConfigurationList;
			buildConfigurations = (
				E18C6899204E30CA00C456E1 /* Debug */,
				E18C689A204E30CA00C456E1 /* Release */,
			);
			defaultConfigurationIsVisible = 0;
			defaultConfigurationName = Release;
		};
/* End XCConfigurationList section */

/* Begin XCVersionGroup section */
		E18C688A204E30CA00C456E1 /* Document.xcdatamodeld */ = {
			isa = XCVersionGroup;
			children = (
				E18C688B204E30CA00C456E1 /* Document.xcdatamodel */,
			);
			currentVersion = E18C688B204E30CA00C456E1 /* Document.xcdatamodel */;
			path = Document.xcdatamodeld;
			sourceTree = "<group>";
			versionGroupType = wrapper.xcdatamodel;
		};
/* End XCVersionGroup section */
	};
	rootObject = E18C6876204E30CA00C456E1 /* Project object */;
}
