// !$*UTF8*$!
{
	archiveVersion = 1;
	classes = {
	};
	objectVersion = 48;
	objects = {

/* Begin PBXBuildFile section */
		E1F1AA92203E7BDB00571F0E /* Assets.xcassets in Resources */ = {isa = PBXBuildFile; fileRef = E1F1AA91203E7BDB00571F0E /* Assets.xcassets */; };
		E1F1AA95203E7BDB00571F0E /* MainMenu.xib in Resources */ = {isa = PBXBuildFile; fileRef = E1F1AA93203E7BDB00571F0E /* MainMenu.xib */; };
		E1F1AA98203E7BDB00571F0E /* main.m in Sources */ = {isa = PBXBuildFile; fileRef = E1F1AA97203E7BDB00571F0E /* main.m */; };
		E1F1AAA9203FB52800571F0E /* Person.m in Sources */ = {isa = PBXBuildFile; fileRef = E1F1AAA8203FB52800571F0E /* Person.m */; };
		E1F1AAAF203FB73100571F0E /* RMDocument.m in Sources */ = {isa = PBXBuildFile; fileRef = E1F1AAAD203FB73100571F0E /* RMDocument.m */; };
		E1F1AAB0203FB73100571F0E /* RMAppDelegate.m in Sources */ = {isa = PBXBuildFile; fileRef = E1F1AAAE203FB73100571F0E /* RMAppDelegate.m */; };
		E1F1AAB3203FB7ED00571F0E /* RMDocument.xib in Resources */ = {isa = PBXBuildFile; fileRef = E1F1AAB1203FB7ED00571F0E /* RMDocument.xib */; };
/* End PBXBuildFile section */

/* Begin PBXFileReference section */
		E1F1AA85203E7BDB00571F0E /* RaiseMan.app */ = {isa = PBXFileReference; explicitFileType = wrapper.application; includeInIndex = 0; path = RaiseMan.app; sourceTree = BUILT_PRODUCTS_DIR; };
		E1F1AA91203E7BDB00571F0E /* Assets.xcassets */ = {isa = PBXFileReference; lastKnownFileType = folder.assetcatalog; path = Assets.xcassets; sourceTree = "<group>"; };
		E1F1AA94203E7BDB00571F0E /* Base */ = {isa = PBXFileReference; lastKnownFileType = file.xib; name = Base; path = Base.lproj/MainMenu.xib; sourceTree = "<group>"; };
		E1F1AA96203E7BDB00571F0E /* Info.plist */ = {isa = PBXFileReference; lastKnownFileType = text.plist.xml; path = Info.plist; sourceTree = "<group>"; };
		E1F1AA97203E7BDB00571F0E /* main.m */ = {isa = PBXFileReference; lastKnownFileType = sourcecode.c.objc; path = main.m; sourceTree = "<group>"; };
		E1F1AA99203E7BDB00571F0E /* RaiseMan.entitlements */ = {isa = PBXFileReference; lastKnownFileType = text.plist.entitlements; path = RaiseMan.entitlements; sourceTree = "<group>"; };
		E1F1AAA8203FB52800571F0E /* Person.m */ = {isa = PBXFileReference; lastKnownFileType = sourcecode.c.objc; path = Person.m; sourceTree = "<group>"; };
		E1F1AAAA203FB53F00571F0E /* Person.h */ = {isa = PBXFileReference; lastKnownFileType = sourcecode.c.h; path = Person.h; sourceTree = "<group>"; };
		E1F1AAAB203FB73100571F0E /* RMAppDelegate.h */ = {isa = PBXFileReference; fileEncoding = 4; lastKnownFileType = sourcecode.c.h; path = RMAppDelegate.h; sourceTree = "<group>"; };
		E1F1AAAC203FB73100571F0E /* RMDocument.h */ = {isa = PBXFileReference; fileEncoding = 4; lastKnownFileType = sourcecode.c.h; path = RMDocument.h; sourceTree = "<group>"; };
		E1F1AAAD203FB73100571F0E /* RMDocument.m */ = {isa = PBXFileReference; fileEncoding = 4; lastKnownFileType = sourcecode.c.objc; path = RMDocument.m; sourceTree = "<group>"; };
		E1F1AAAE203FB73100571F0E /* RMAppDelegate.m */ = {isa = PBXFileReference; fileEncoding = 4; lastKnownFileType = sourcecode.c.objc; path = RMAppDelegate.m; sourceTree = "<group>"; };
		E1F1AAB2203FB7ED00571F0E /* Base */ = {isa = PBXFileReference; lastKnownFileType = file.xib; name = Base; path = Base.lproj/RMDocument.xib; sourceTree = "<group>"; };
/* End PBXFileReference section */

/* Begin PBXFrameworksBuildPhase section */
		E1F1AA82203E7BDB00571F0E /* Frameworks */ = {
			isa = PBXFrameworksBuildPhase;
			buildActionMask = 2147483647;
			files = (
			);
			runOnlyForDeploymentPostprocessing = 0;
		};
/* End PBXFrameworksBuildPhase section */

/* Begin PBXGroup section */
		E1F1AA7C203E7BDB00571F0E = {
			isa = PBXGroup;
			children = (
				E1F1AA87203E7BDB00571F0E /* RaiseMan */,
				E1F1AA86203E7BDB00571F0E /* Products */,
			);
			sourceTree = "<group>";
		};
		E1F1AA86203E7BDB00571F0E /* Products */ = {
			isa = PBXGroup;
			children = (
				E1F1AA85203E7BDB00571F0E /* RaiseMan.app */,
			);
			name = Products;
			sourceTree = "<group>";
		};
		E1F1AA87203E7BDB00571F0E /* RaiseMan */ = {
			isa = PBXGroup;
			children = (
				E1F1AAB1203FB7ED00571F0E /* RMDocument.xib */,
				E1F1AAAB203FB73100571F0E /* RMAppDelegate.h */,
				E1F1AAAE203FB73100571F0E /* RMAppDelegate.m */,
				E1F1AAAC203FB73100571F0E /* RMDocument.h */,
				E1F1AAAD203FB73100571F0E /* RMDocument.m */,
				E1F1AAA8203FB52800571F0E /* Person.m */,
				E1F1AAAA203FB53F00571F0E /* Person.h */,
				E1F1AA91203E7BDB00571F0E /* Assets.xcassets */,
				E1F1AA93203E7BDB00571F0E /* MainMenu.xib */,
				E1F1AA96203E7BDB00571F0E /* Info.plist */,
				E1F1AA97203E7BDB00571F0E /* main.m */,
				E1F1AA99203E7BDB00571F0E /* RaiseMan.entitlements */,
			);
			path = RaiseMan;
			sourceTree = "<group>";
		};
/* End PBXGroup section */

/* Begin PBXNativeTarget section */
		E1F1AA84203E7BDB00571F0E /* RaiseMan */ = {
			isa = PBXNativeTarget;
			buildConfigurationList = E1F1AA9C203E7BDB00571F0E /* Build configuration list for PBXNativeTarget "RaiseMan" */;
			buildPhases = (
				E1F1AA81203E7BDB00571F0E /* Sources */,
				E1F1AA82203E7BDB00571F0E /* Frameworks */,
				E1F1AA83203E7BDB00571F0E /* Resources */,
			);
			buildRules = (
			);
			dependencies = (
			);
			name = RaiseMan;
			productName = RaiseMan;
			productReference = E1F1AA85203E7BDB00571F0E /* RaiseMan.app */;
			productType = "com.apple.product-type.application";
		};
/* End PBXNativeTarget section */

/* Begin PBXProject section */
		E1F1AA7D203E7BDB00571F0E /* Project object */ = {
			isa = PBXProject;
			attributes = {
				LastUpgradeCheck = 0920;
				ORGANIZATIONNAME = "Robert Gee";
				TargetAttributes = {
					E1F1AA84203E7BDB00571F0E = {
						CreatedOnToolsVersion = 9.2;
						ProvisioningStyle = Automatic;
					};
				};
			};
			buildConfigurationList = E1F1AA80203E7BDB00571F0E /* Build configuration list for PBXProject "RaiseMan" */;
			compatibilityVersion = "Xcode 8.0";
			developmentRegion = en;
			hasScannedForEncodings = 0;
			knownRegions = (
				en,
				Base,
			);
			mainGroup = E1F1AA7C203E7BDB00571F0E;
			productRefGroup = E1F1AA86203E7BDB00571F0E /* Products */;
			projectDirPath = "";
			projectRoot = "";
			targets = (
				E1F1AA84203E7BDB00571F0E /* RaiseMan */,
			);
		};
/* End PBXProject section */

/* Begin PBXResourcesBuildPhase section */
		E1F1AA83203E7BDB00571F0E /* Resources */ = {
			isa = PBXResourcesBuildPhase;
			buildActionMask = 2147483647;
			files = (
				E1F1AAB3203FB7ED00571F0E /* RMDocument.xib in Resources */,
				E1F1AA92203E7BDB00571F0E /* Assets.xcassets in Resources */,
				E1F1AA95203E7BDB00571F0E /* MainMenu.xib in Resources */,
			);
			runOnlyForDeploymentPostprocessing = 0;
		};
/* End PBXResourcesBuildPhase section */

/* Begin PBXSourcesBuildPhase section */
		E1F1AA81203E7BDB00571F0E /* Sources */ = {
			isa = PBXSourcesBuildPhase;
			buildActionMask = 2147483647;
			files = (
				E1F1AA98203E7BDB00571F0E /* main.m in Sources */,
				E1F1AAB0203FB73100571F0E /* RMAppDelegate.m in Sources */,
				E1F1AAA9203FB52800571F0E /* Person.m in Sources */,
				E1F1AAAF203FB73100571F0E /* RMDocument.m in Sources */,
			);
			runOnlyForDeploymentPostprocessing = 0;
		};
/* End PBXSourcesBuildPhase section */

/* Begin PBXVariantGroup section */
		E1F1AA93203E7BDB00571F0E /* MainMenu.xib */ = {
			isa = PBXVariantGroup;
			children = (
				E1F1AA94203E7BDB00571F0E /* Base */,
			);
			name = MainMenu.xib;
			sourceTree = "<group>";
		};
		E1F1AAB1203FB7ED00571F0E /* RMDocument.xib */ = {
			isa = PBXVariantGroup;
			children = (
				E1F1AAB2203FB7ED00571F0E /* Base */,
			);
			name = RMDocument.xib;
			sourceTree = "<group>";
		};
/* End PBXVariantGroup section */

/* Begin XCBuildConfiguration section */
		E1F1AA9A203E7BDB00571F0E /* Debug */ = {
			isa = XCBuildConfiguration;
			buildSettings = {
				ALWAYS_SEARCH_USER_PATHS = NO;
				CLANG_ANALYZER_NONNULL = YES;
				CLANG_ANALYZER_NUMBER_OBJECT_CONVERSION = YES_AGGRESSIVE;
				CLANG_CXX_LANGUAGE_STANDARD = "gnu++14";
				CLANG_CXX_LIBRARY = "libc++";
				CLANG_ENABLE_MODULES = YES;
				CLANG_ENABLE_OBJC_ARC = YES;
				CLANG_WARN_BLOCK_CAPTURE_AUTORELEASING = YES;
				CLANG_WARN_BOOL_CONVERSION = YES;
				CLANG_WARN_COMMA = YES;
				CLANG_WARN_CONSTANT_CONVERSION = YES;
				CLANG_WARN_DIRECT_OBJC_ISA_USAGE = YES_ERROR;
				CLANG_WARN_DOCUMENTATION_COMMENTS = YES;
				CLANG_WARN_EMPTY_BODY = YES;
				CLANG_WARN_ENUM_CONVERSION = YES;
				CLANG_WARN_INFINITE_RECURSION = YES;
				CLANG_WARN_INT_CONVERSION = YES;
				CLANG_WARN_NON_LITERAL_NULL_CONVERSION = YES;
				CLANG_WARN_OBJC_LITERAL_CONVERSION = YES;
				CLANG_WARN_OBJC_ROOT_CLASS = YES_ERROR;
				CLANG_WARN_RANGE_LOOP_ANALYSIS = YES;
				CLANG_WARN_STRICT_PROTOTYPES = YES;
				CLANG_WARN_SUSPICIOUS_MOVE = YES;
				CLANG_WARN_UNGUARDED_AVAILABILITY = YES_AGGRESSIVE;
				CLANG_WARN_UNREACHABLE_CODE = YES;
				CLANG_WARN__DUPLICATE_METHOD_MATCH = YES;
				CODE_SIGN_IDENTITY = "-";
				COPY_PHASE_STRIP = NO;
				DEBUG_INFORMATION_FORMAT = dwarf;
				ENABLE_STRICT_OBJC_MSGSEND = YES;
				ENABLE_TESTABILITY = YES;
				GCC_C_LANGUAGE_STANDARD = gnu11;
				GCC_DYNAMIC_NO_PIC = NO;
				GCC_NO_COMMON_BLOCKS = YES;
				GCC_OPTIMIZATION_LEVEL = 0;
				GCC_PREPROCESSOR_DEFINITIONS = (
					"DEBUG=1",
					"$(inherited)",
				);
				GCC_WARN_64_TO_32_BIT_CONVERSION = YES;
				GCC_WARN_ABOUT_RETURN_TYPE = YES_ERROR;
				GCC_WARN_UNDECLARED_SELECTOR = YES;
				GCC_WARN_UNINITIALIZED_AUTOS = YES_AGGRESSIVE;
				GCC_WARN_UNUSED_FUNCTION = YES;
				GCC_WARN_UNUSED_VARIABLE = YES;
				MACOSX_DEPLOYMENT_TARGET = 10.13;
				MTL_ENABLE_DEBUG_INFO = YES;
				ONLY_ACTIVE_ARCH = YES;
				SDKROOT = macosx;
			};
			name = Debug;
		};
		E1F1AA9B203E7BDB00571F0E /* Release */ = {
			isa = XCBuildConfiguration;
			buildSettings = {
				ALWAYS_SEARCH_USER_PATHS = NO;
				CLANG_ANALYZER_NONNULL = YES;
				CLANG_ANALYZER_NUMBER_OBJECT_CONVERSION = YES_AGGRESSIVE;
				CLANG_CXX_LANGUAGE_STANDARD = "gnu++14";
				CLANG_CXX_LIBRARY = "libc++";
				CLANG_ENABLE_MODULES = YES;
				CLANG_ENABLE_OBJC_ARC = YES;
				CLANG_WARN_BLOCK_CAPTURE_AUTORELEASING = YES;
				CLANG_WARN_BOOL_CONVERSION = YES;
				CLANG_WARN_COMMA = YES;
				CLANG_WARN_CONSTANT_CONVERSION = YES;
				CLANG_WARN_DIRECT_OBJC_ISA_USAGE = YES_ERROR;
				CLANG_WARN_DOCUMENTATION_COMMENTS = YES;
				CLANG_WARN_EMPTY_BODY = YES;
				CLANG_WARN_ENUM_CONVERSION = YES;
				CLANG_WARN_INFINITE_RECURSION = YES;
				CLANG_WARN_INT_CONVERSION = YES;
				CLANG_WARN_NON_LITERAL_NULL_CONVERSION = YES;
				CLANG_WARN_OBJC_LITERAL_CONVERSION = YES;
				CLANG_WARN_OBJC_ROOT_CLASS = YES_ERROR;
				CLANG_WARN_RANGE_LOOP_ANALYSIS = YES;
				CLANG_WARN_STRICT_PROTOTYPES = YES;
				CLANG_WARN_SUSPICIOUS_MOVE = YES;
				CLANG_WARN_UNGUARDED_AVAILABILITY = YES_AGGRESSIVE;
				CLANG_WARN_UNREACHABLE_CODE = YES;
				CLANG_WARN__DUPLICATE_METHOD_MATCH = YES;
				CODE_SIGN_IDENTITY = "-";
				COPY_PHASE_STRIP = NO;
				DEBUG_INFORMATION_FORMAT = "dwarf-with-dsym";
				ENABLE_NS_ASSERTIONS = NO;
				ENABLE_STRICT_OBJC_MSGSEND = YES;
				GCC_C_LANGUAGE_STANDARD = gnu11;
				GCC_NO_COMMON_BLOCKS = YES;
				GCC_WARN_64_TO_32_BIT_CONVERSION = YES;
				GCC_WARN_ABOUT_RETURN_TYPE = YES_ERROR;
				GCC_WARN_UNDECLARED_SELECTOR = YES;
				GCC_WARN_UNINITIALIZED_AUTOS = YES_AGGRESSIVE;
				GCC_WARN_UNUSED_FUNCTION = YES;
				GCC_WARN_UNUSED_VARIABLE = YES;
				MACOSX_DEPLOYMENT_TARGET = 10.13;
				MTL_ENABLE_DEBUG_INFO = NO;
				SDKROOT = macosx;
			};
			name = Release;
		};
		E1F1AA9D203E7BDB00571F0E /* Debug */ = {
			isa = XCBuildConfiguration;
			buildSettings = {
				ASSETCATALOG_COMPILER_APPICON_NAME = AppIcon;
				CODE_SIGN_ENTITLEMENTS = RaiseMan/RaiseMan.entitlements;
				CODE_SIGN_STYLE = Automatic;
				COMBINE_HIDPI_IMAGES = YES;
				INFOPLIST_FILE = RaiseMan/Info.plist;
				LD_RUNPATH_SEARCH_PATHS = "$(inherited) @executable_path/../Frameworks";
				PRODUCT_BUNDLE_IDENTIFIER = com.bignerdranch.RaiseMan;
				PRODUCT_NAME = "$(TARGET_NAME)";
			};
			name = Debug;
		};
		E1F1AA9E203E7BDB00571F0E /* Release */ = {
			isa = XCBuildConfiguration;
			buildSettings = {
				ASSETCATALOG_COMPILER_APPICON_NAME = AppIcon;
				CODE_SIGN_ENTITLEMENTS = RaiseMan/RaiseMan.entitlements;
				CODE_SIGN_STYLE = Automatic;
				COMBINE_HIDPI_IMAGES = YES;
				INFOPLIST_FILE = RaiseMan/Info.plist;
				LD_RUNPATH_SEARCH_PATHS = "$(inherited) @executable_path/../Frameworks";
				PRODUCT_BUNDLE_IDENTIFIER = com.bignerdranch.RaiseMan;
				PRODUCT_NAME = "$(TARGET_NAME)";
			};
			name = Release;
		};
/* End XCBuildConfiguration section */

/* Begin XCConfigurationList section */
		E1F1AA80203E7BDB00571F0E /* Build configuration list for PBXProject "RaiseMan" */ = {
			isa = XCConfigurationList;
			buildConfigurations = (
				E1F1AA9A203E7BDB00571F0E /* Debug */,
				E1F1AA9B203E7BDB00571F0E /* Release */,
			);
			defaultConfigurationIsVisible = 0;
			defaultConfigurationName = Release;
		};
		E1F1AA9C203E7BDB00571F0E /* Build configuration list for PBXNativeTarget "RaiseMan" */ = {
			isa = XCConfigurationList;
			buildConfigurations = (
				E1F1AA9D203E7BDB00571F0E /* Debug */,
				E1F1AA9E203E7BDB00571F0E /* Release */,
			);
			defaultConfigurationIsVisible = 0;
			defaultConfigurationName = Release;
		};
/* End XCConfigurationList section */
	};
	rootObject = E1F1AA7D203E7BDB00571F0E /* Project object */;
}
